
Microsoft Visual Studio Solution File, Format Version 12.00
# Visual Studio Version 17
VisualStudioVersion = 17.4.33122.133
MinimumVisualStudioVersion = 10.0.40219.1
Project("{2150E333-8FDC-42A3-9474-1A3956D46DE8}") = "Data", "Data", "{DEF014EA-126A-479E-AC94-4BE11E361D5C}"
EndProject
Project("{2150E333-8FDC-42A3-9474-1A3956D46DE8}") = "Services", "Services", "{63A107FD-40C1-4336-845A-CA035CF8E7A2}"
EndProject
Project("{2150E333-8FDC-42A3-9474-1A3956D46DE8}") = "Shared", "Shared", "{3234FF81-D690-4FD3-9D4C-CABEFB16CC78}"
EndProject
Project("{2150E333-8FDC-42A3-9474-1A3956D46DE8}") = "Systems", "Systems", "{1019493D-46BD-4851-9EB2-D4A0D4F1E42D}"
EndProject
Project("{2150E333-8FDC-42A3-9474-1A3956D46DE8}") = "Api", "Api", "{41322EBC-E968-4C32-A0C3-A03FE0E9F0D6}"
EndProject
Project("{2150E333-8FDC-42A3-9474-1A3956D46DE8}") = "Identity", "Identity", "{046519A2-620B-432A-B87A-FC7471B820F2}"
EndProject
Project("{9A19103F-16F7-4668-BE54-9A1E7A4F7556}") = "ArtOrders.Api", "Systems\Api\ArtOrders.Api\ArtOrders.Api.csproj", "{5814852E-F038-4710-A086-13F4ADB63CB9}"
EndProject
Project("{9A19103F-16F7-4668-BE54-9A1E7A4F7556}") = "ArtOrders.Api.Settings", "Systems\Api\ArtOrders.Api.Settings\ArtOrders.Api.Settings.csproj", "{27146307-A50B-43C9-ACB1-43C62474D696}"
EndProject
Project("{9A19103F-16F7-4668-BE54-9A1E7A4F7556}") = "ArtOrders.Common", "Shared\ArtOrders.Common\ArtOrders.Common.csproj", "{FBFBA00D-A82B-4B82-9297-A4E185A0A3FD}"
EndProject
Project("{9A19103F-16F7-4668-BE54-9A1E7A4F7556}") = "ArtOrders.Settings", "Shared\ArtOrders.Settings\ArtOrders.Settings.csproj", "{C3347734-2D54-47EE-AF1D-C2BB4298C5EE}"
EndProject
Project("{9A19103F-16F7-4668-BE54-9A1E7A4F7556}") = "ArtOrders.Services.Settings", "Services\ArtOrders.Services.Settings\ArtOrders.Services.Settings.csproj", "{DA617879-132D-44F5-A392-FFC7F9B4A95B}"
EndProject
Project("{E53339B2-1760-4266-BCC7-CA923CBCF16C}") = "docker-compose", "docker-compose.dcproj", "{1C0E2CA9-7282-4800-86F0-FC52BB51AC4F}"
EndProject
Project("{9A19103F-16F7-4668-BE54-9A1E7A4F7556}") = "ArtOrders.Context", "Data\ArtOrders.Context\ArtOrders.Context.csproj", "{BCE6DA17-F164-4559-9E0E-A0757F9D2F10}"
EndProject
Project("{9A19103F-16F7-4668-BE54-9A1E7A4F7556}") = "ArtOrders.Context.Entities", "Data\ArtOrders.Context.Entities\ArtOrders.Context.Entities.csproj", "{E2692FD6-BEAB-47E3-8514-90A4A5F9DD30}"
EndProject
Project("{2150E333-8FDC-42A3-9474-1A3956D46DE8}") = "Migrations", "Migrations", "{79A8EF1B-0951-4ECE-9742-501BF76AD2D9}"
EndProject
Project("{9A19103F-16F7-4668-BE54-9A1E7A4F7556}") = "ArtOrders.Context.MigrationsPostgreSQL", "Data\Migrations\ArtOrders.Context.MigrationsPostgreSQL\ArtOrders.Context.MigrationsPostgreSQL.csproj", "{83EE2E76-86C9-4FE3-B4EB-D684E9BE92CC}"
EndProject
Project("{9A19103F-16F7-4668-BE54-9A1E7A4F7556}") = "ArtOrders.Services.Orders", "Services\ArtOrders.Services.Orders\ArtOrders.Services.Orders.csproj", "{6D628884-E80D-4706-981D-865F80C5CBC1}"
EndProject
Project("{9A19103F-16F7-4668-BE54-9A1E7A4F7556}") = "ArtOrders.Identity", "Systems\Identity\ArtOrders.Identity\ArtOrders.Identity.csproj", "{2BBEB9C2-1DB1-4E56-AC8A-CFEAD730E749}"
EndProject
Project("{9A19103F-16F7-4668-BE54-9A1E7A4F7556}") = "ArtOrders.Services.Users", "Services\ArtOrders.Services.Users\ArtOrders.Services.Users.csproj", "{4E4CB782-3652-4343-B315-665ED09FE600}"
EndProject
Project("{FAE04EC0-301F-11D3-BF4B-00C04F79EFBC}") = "ArtOrders.Services.Cache", "Services\ArtOrders.Services.Cache\ArtOrders.Services.Cache.csproj", "{2E9CF5F7-3295-459B-BAE6-18EEB59D4885}"
EndProject
Project("{FAE04EC0-301F-11D3-BF4B-00C04F79EFBC}") = "ArtOrders.Services.RabbitMq", "Services\ArtOrders.Services.RabbitMq\ArtOrders.Services.RabbitMq.csproj", "{A6F5378E-F012-47E7-94AC-944BFE82A2BF}"
EndProject
Project("{FAE04EC0-301F-11D3-BF4B-00C04F79EFBC}") = "ArtOrders.Services.Tasks", "Services\ArtOrders.Services.Tasks\ArtOrders.Services.Tasks.csproj", "{7B36961A-F0B7-4C54-AF40-73D599657961}"
EndProject
Project("{FAE04EC0-301F-11D3-BF4B-00C04F79EFBC}") = "ArtOrders.Services.EmailSender", "Services\ArtOrders.Services.EmailSender\ArtOrders.Services.EmailSender.csproj", "{98D091D3-314F-4ADE-8E5A-94C6047ABDAD}"
EndProject
Project("{2150E333-8FDC-42A3-9474-1A3956D46DE8}") = "Элементы решения", "Элементы решения", "{1C06A5B9-9AD7-47F3-A985-AFC8F8122E16}"
	ProjectSection(SolutionItems) = preProject
		.gitignore = .gitignore
	EndProjectSection
EndProject
Project("{FAE04EC0-301F-11D3-BF4B-00C04F79EFBC}") = "ArtOrders.Consts", "Shared\ArtOrders.Consts\ArtOrders.Consts.csproj", "{1068795A-EBD9-45A8-BE71-306CEDF7A07D}"
EndProject
Global
	GlobalSection(SolutionConfigurationPlatforms) = preSolution
		Debug|Any CPU = Debug|Any CPU
		Release|Any CPU = Release|Any CPU
	EndGlobalSection
	GlobalSection(ProjectConfigurationPlatforms) = postSolution
		{5814852E-F038-4710-A086-13F4ADB63CB9}.Debug|Any CPU.ActiveCfg = Debug|Any CPU
		{5814852E-F038-4710-A086-13F4ADB63CB9}.Debug|Any CPU.Build.0 = Debug|Any CPU
		{5814852E-F038-4710-A086-13F4ADB63CB9}.Release|Any CPU.ActiveCfg = Release|Any CPU
		{5814852E-F038-4710-A086-13F4ADB63CB9}.Release|Any CPU.Build.0 = Release|Any CPU
		{27146307-A50B-43C9-ACB1-43C62474D696}.Debug|Any CPU.ActiveCfg = Debug|Any CPU
		{27146307-A50B-43C9-ACB1-43C62474D696}.Debug|Any CPU.Build.0 = Debug|Any CPU
		{27146307-A50B-43C9-ACB1-43C62474D696}.Release|Any CPU.ActiveCfg = Release|Any CPU
		{27146307-A50B-43C9-ACB1-43C62474D696}.Release|Any CPU.Build.0 = Release|Any CPU
		{FBFBA00D-A82B-4B82-9297-A4E185A0A3FD}.Debug|Any CPU.ActiveCfg = Debug|Any CPU
		{FBFBA00D-A82B-4B82-9297-A4E185A0A3FD}.Debug|Any CPU.Build.0 = Debug|Any CPU
		{FBFBA00D-A82B-4B82-9297-A4E185A0A3FD}.Release|Any CPU.ActiveCfg = Release|Any CPU
		{FBFBA00D-A82B-4B82-9297-A4E185A0A3FD}.Release|Any CPU.Build.0 = Release|Any CPU
		{C3347734-2D54-47EE-AF1D-C2BB4298C5EE}.Debug|Any CPU.ActiveCfg = Debug|Any CPU
		{C3347734-2D54-47EE-AF1D-C2BB4298C5EE}.Debug|Any CPU.Build.0 = Debug|Any CPU
		{C3347734-2D54-47EE-AF1D-C2BB4298C5EE}.Release|Any CPU.ActiveCfg = Release|Any CPU
		{C3347734-2D54-47EE-AF1D-C2BB4298C5EE}.Release|Any CPU.Build.0 = Release|Any CPU
		{DA617879-132D-44F5-A392-FFC7F9B4A95B}.Debug|Any CPU.ActiveCfg = Debug|Any CPU
		{DA617879-132D-44F5-A392-FFC7F9B4A95B}.Debug|Any CPU.Build.0 = Debug|Any CPU
		{DA617879-132D-44F5-A392-FFC7F9B4A95B}.Release|Any CPU.ActiveCfg = Release|Any CPU
		{DA617879-132D-44F5-A392-FFC7F9B4A95B}.Release|Any CPU.Build.0 = Release|Any CPU
		{1C0E2CA9-7282-4800-86F0-FC52BB51AC4F}.Debug|Any CPU.ActiveCfg = Debug|Any CPU
		{1C0E2CA9-7282-4800-86F0-FC52BB51AC4F}.Debug|Any CPU.Build.0 = Debug|Any CPU
		{1C0E2CA9-7282-4800-86F0-FC52BB51AC4F}.Release|Any CPU.ActiveCfg = Release|Any CPU
		{1C0E2CA9-7282-4800-86F0-FC52BB51AC4F}.Release|Any CPU.Build.0 = Release|Any CPU
		{BCE6DA17-F164-4559-9E0E-A0757F9D2F10}.Debug|Any CPU.ActiveCfg = Debug|Any CPU
		{BCE6DA17-F164-4559-9E0E-A0757F9D2F10}.Debug|Any CPU.Build.0 = Debug|Any CPU
		{BCE6DA17-F164-4559-9E0E-A0757F9D2F10}.Release|Any CPU.ActiveCfg = Release|Any CPU
		{BCE6DA17-F164-4559-9E0E-A0757F9D2F10}.Release|Any CPU.Build.0 = Release|Any CPU
		{E2692FD6-BEAB-47E3-8514-90A4A5F9DD30}.Debug|Any CPU.ActiveCfg = Debug|Any CPU
		{E2692FD6-BEAB-47E3-8514-90A4A5F9DD30}.Debug|Any CPU.Build.0 = Debug|Any CPU
		{E2692FD6-BEAB-47E3-8514-90A4A5F9DD30}.Release|Any CPU.ActiveCfg = Release|Any CPU
		{E2692FD6-BEAB-47E3-8514-90A4A5F9DD30}.Release|Any CPU.Build.0 = Release|Any CPU
		{83EE2E76-86C9-4FE3-B4EB-D684E9BE92CC}.Debug|Any CPU.ActiveCfg = Debug|Any CPU
		{83EE2E76-86C9-4FE3-B4EB-D684E9BE92CC}.Debug|Any CPU.Build.0 = Debug|Any CPU
		{83EE2E76-86C9-4FE3-B4EB-D684E9BE92CC}.Release|Any CPU.ActiveCfg = Release|Any CPU
		{83EE2E76-86C9-4FE3-B4EB-D684E9BE92CC}.Release|Any CPU.Build.0 = Release|Any CPU
		{6D628884-E80D-4706-981D-865F80C5CBC1}.Debug|Any CPU.ActiveCfg = Debug|Any CPU
		{6D628884-E80D-4706-981D-865F80C5CBC1}.Debug|Any CPU.Build.0 = Debug|Any CPU
		{6D628884-E80D-4706-981D-865F80C5CBC1}.Release|Any CPU.ActiveCfg = Release|Any CPU
		{6D628884-E80D-4706-981D-865F80C5CBC1}.Release|Any CPU.Build.0 = Release|Any CPU
		{2BBEB9C2-1DB1-4E56-AC8A-CFEAD730E749}.Debug|Any CPU.ActiveCfg = Debug|Any CPU
		{2BBEB9C2-1DB1-4E56-AC8A-CFEAD730E749}.Debug|Any CPU.Build.0 = Debug|Any CPU
		{2BBEB9C2-1DB1-4E56-AC8A-CFEAD730E749}.Release|Any CPU.ActiveCfg = Release|Any CPU
		{2BBEB9C2-1DB1-4E56-AC8A-CFEAD730E749}.Release|Any CPU.Build.0 = Release|Any CPU
		{4E4CB782-3652-4343-B315-665ED09FE600}.Debug|Any CPU.ActiveCfg = Debug|Any CPU
		{4E4CB782-3652-4343-B315-665ED09FE600}.Debug|Any CPU.Build.0 = Debug|Any CPU
		{4E4CB782-3652-4343-B315-665ED09FE600}.Release|Any CPU.ActiveCfg = Release|Any CPU
		{4E4CB782-3652-4343-B315-665ED09FE600}.Release|Any CPU.Build.0 = Release|Any CPU
		{2E9CF5F7-3295-459B-BAE6-18EEB59D4885}.Debug|Any CPU.ActiveCfg = Debug|Any CPU
		{2E9CF5F7-3295-459B-BAE6-18EEB59D4885}.Debug|Any CPU.Build.0 = Debug|Any CPU
		{2E9CF5F7-3295-459B-BAE6-18EEB59D4885}.Release|Any CPU.ActiveCfg = Release|Any CPU
		{2E9CF5F7-3295-459B-BAE6-18EEB59D4885}.Release|Any CPU.Build.0 = Release|Any CPU
		{A6F5378E-F012-47E7-94AC-944BFE82A2BF}.Debug|Any CPU.ActiveCfg = Debug|Any CPU
		{A6F5378E-F012-47E7-94AC-944BFE82A2BF}.Debug|Any CPU.Build.0 = Debug|Any CPU
		{A6F5378E-F012-47E7-94AC-944BFE82A2BF}.Release|Any CPU.ActiveCfg = Release|Any CPU
		{A6F5378E-F012-47E7-94AC-944BFE82A2BF}.Release|Any CPU.Build.0 = Release|Any CPU
		{7B36961A-F0B7-4C54-AF40-73D599657961}.Debug|Any CPU.ActiveCfg = Debug|Any CPU
		{7B36961A-F0B7-4C54-AF40-73D599657961}.Debug|Any CPU.Build.0 = Debug|Any CPU
		{7B36961A-F0B7-4C54-AF40-73D599657961}.Release|Any CPU.ActiveCfg = Release|Any CPU
		{7B36961A-F0B7-4C54-AF40-73D599657961}.Release|Any CPU.Build.0 = Release|Any CPU
		{98D091D3-314F-4ADE-8E5A-94C6047ABDAD}.Debug|Any CPU.ActiveCfg = Debug|Any CPU
		{98D091D3-314F-4ADE-8E5A-94C6047ABDAD}.Debug|Any CPU.Build.0 = Debug|Any CPU
		{98D091D3-314F-4ADE-8E5A-94C6047ABDAD}.Release|Any CPU.ActiveCfg = Release|Any CPU
		{98D091D3-314F-4ADE-8E5A-94C6047ABDAD}.Release|Any CPU.Build.0 = Release|Any CPU
		{1068795A-EBD9-45A8-BE71-306CEDF7A07D}.Debug|Any CPU.ActiveCfg = Debug|Any CPU
		{1068795A-EBD9-45A8-BE71-306CEDF7A07D}.Debug|Any CPU.Build.0 = Debug|Any CPU
		{1068795A-EBD9-45A8-BE71-306CEDF7A07D}.Release|Any CPU.ActiveCfg = Release|Any CPU
		{1068795A-EBD9-45A8-BE71-306CEDF7A07D}.Release|Any CPU.Build.0 = Release|Any CPU
	EndGlobalSection
	GlobalSection(SolutionProperties) = preSolution
		HideSolutionNode = FALSE
	EndGlobalSection
	GlobalSection(NestedProjects) = preSolution
		{41322EBC-E968-4C32-A0C3-A03FE0E9F0D6} = {1019493D-46BD-4851-9EB2-D4A0D4F1E42D}
		{046519A2-620B-432A-B87A-FC7471B820F2} = {1019493D-46BD-4851-9EB2-D4A0D4F1E42D}
		{5814852E-F038-4710-A086-13F4ADB63CB9} = {41322EBC-E968-4C32-A0C3-A03FE0E9F0D6}
		{27146307-A50B-43C9-ACB1-43C62474D696} = {41322EBC-E968-4C32-A0C3-A03FE0E9F0D6}
		{FBFBA00D-A82B-4B82-9297-A4E185A0A3FD} = {3234FF81-D690-4FD3-9D4C-CABEFB16CC78}
		{C3347734-2D54-47EE-AF1D-C2BB4298C5EE} = {3234FF81-D690-4FD3-9D4C-CABEFB16CC78}
		{DA617879-132D-44F5-A392-FFC7F9B4A95B} = {63A107FD-40C1-4336-845A-CA035CF8E7A2}
		{BCE6DA17-F164-4559-9E0E-A0757F9D2F10} = {DEF014EA-126A-479E-AC94-4BE11E361D5C}
		{E2692FD6-BEAB-47E3-8514-90A4A5F9DD30} = {DEF014EA-126A-479E-AC94-4BE11E361D5C}
		{79A8EF1B-0951-4ECE-9742-501BF76AD2D9} = {DEF014EA-126A-479E-AC94-4BE11E361D5C}
		{83EE2E76-86C9-4FE3-B4EB-D684E9BE92CC} = {79A8EF1B-0951-4ECE-9742-501BF76AD2D9}
		{6D628884-E80D-4706-981D-865F80C5CBC1} = {63A107FD-40C1-4336-845A-CA035CF8E7A2}
		{2BBEB9C2-1DB1-4E56-AC8A-CFEAD730E749} = {046519A2-620B-432A-B87A-FC7471B820F2}
		{4E4CB782-3652-4343-B315-665ED09FE600} = {63A107FD-40C1-4336-845A-CA035CF8E7A2}
		{2E9CF5F7-3295-459B-BAE6-18EEB59D4885} = {63A107FD-40C1-4336-845A-CA035CF8E7A2}
		{A6F5378E-F012-47E7-94AC-944BFE82A2BF} = {63A107FD-40C1-4336-845A-CA035CF8E7A2}
		{7B36961A-F0B7-4C54-AF40-73D599657961} = {63A107FD-40C1-4336-845A-CA035CF8E7A2}
		{98D091D3-314F-4ADE-8E5A-94C6047ABDAD} = {63A107FD-40C1-4336-845A-CA035CF8E7A2}
		{1068795A-EBD9-45A8-BE71-306CEDF7A07D} = {3234FF81-D690-4FD3-9D4C-CABEFB16CC78}
	EndGlobalSection
	GlobalSection(ExtensibilityGlobals) = postSolution
		SolutionGuid = {76ADB176-AD2F-463B-AF7E-C09EC32A3BDC}
	EndGlobalSection
EndGlobal
